
Microsoft Visual Studio Solution File, Format Version 12.00
# Visual Studio Version 17
VisualStudioVersion = 17.8.34525.116
MinimumVisualStudioVersion = 10.0.40219.1
Project("{FAE04EC0-301F-11D3-BF4B-00C04F79EFBC}") = "C# Console App Draft", "C# Console App Draft\C# Console App Draft.csproj", "{B60FF7D6-7A5E-4053-8E55-0C73910151C0}"
EndProject
Global
	GlobalSection(SolutionConfigurationPlatforms) = preSolution
		Debug|Any CPU = Debug|Any CPU
		Release|Any CPU = Release|Any CPU
	EndGlobalSection
	GlobalSection(ProjectConfigurationPlatforms) = postSolution
		{B60FF7D6-7A5E-4053-8E55-0C73910151C0}.Debug|Any CPU.ActiveCfg = Debug|Any CPU
		{B60FF7D6-7A5E-4053-8E55-0C73910151C0}.Debug|Any CPU.Build.0 = Debug|Any CPU
		{B60FF7D6-7A5E-4053-8E55-0C73910151C0}.Release|Any CPU.ActiveCfg = Release|Any CPU
		{B60FF7D6-7A5E-4053-8E55-0C73910151C0}.Release|Any CPU.Build.0 = Release|Any CPU
	EndGlobalSection
	GlobalSection(SolutionProperties) = preSolution
		HideSolutionNode = FALSE
	EndGlobalSection
	GlobalSection(ExtensibilityGlobals) = postSolution
		SolutionGuid = {3869C529-7084-4544-8817-02F208D7423C}
	EndGlobalSection
EndGlobal
